// !$*UTF8*$!
{
	archiveVersion = 1;
	classes = {
	};
	objectVersion = 56;
	objects = {

/* Begin PBXBuildFile section */
		040066722D8DB931009D7CFE /* firstlvl.mp3 in Resources */ = {isa = PBXBuildFile; fileRef = 040066712D8DB931009D7CFE /* firstlvl.mp3 */; };
		040066782D8EBD23009D7CFE /* Torch_Red.png in Resources */ = {isa = PBXBuildFile; fileRef = 040066772D8EBD23009D7CFE /* Torch_Red.png */; };
		0400667B2D8EC0B2009D7CFE /* Animations.xcassets in Resources */ = {isa = PBXBuildFile; fileRef = 0400667A2D8EC0B2009D7CFE /* Animations.xcassets */; };
		040066BF2D903033009D7CFE /* Info.plist in Resources */ = {isa = PBXBuildFile; fileRef = 040066C12D903033009D7CFE /* Info.plist */; };
		040066C22D90346D009D7CFE /* Info.plist in Resources */ = {isa = PBXBuildFile; fileRef = 040066C12D903033009D7CFE /* Info.plist */; };
		040066C32D90346D009D7CFE /* Info.plist in Resources */ = {isa = PBXBuildFile; fileRef = 040066C12D903033009D7CFE /* Info.plist */; };
		04143DEE2D40F4D600DAB592 /* MusicScene.swift in Sources */ = {isa = PBXBuildFile; fileRef = 04143DED2D40F4D600DAB592 /* MusicScene.swift */; };
		04143DF72D40F69800DAB592 /* MapAssets.xcassets in Resources */ = {isa = PBXBuildFile; fileRef = 04143DF62D40F69800DAB592 /* MapAssets.xcassets */; };
		04143E002D4110E700DAB592 /* ShopAssets.xcassets in Resources */ = {isa = PBXBuildFile; fileRef = 04143DFF2D4110E700DAB592 /* ShopAssets.xcassets */; };
		04143E082D47BB6000DAB592 /* FirstLvlAssets.xcassets in Resources */ = {isa = PBXBuildFile; fileRef = 04143E072D47BB6000DAB592 /* FirstLvlAssets.xcassets */; };
		048C3CA22D9219EB00C3315E /* FirstLvlView.swift in Sources */ = {isa = PBXBuildFile; fileRef = 048C3CA12D9219EB00C3315E /* FirstLvlView.swift */; };
		048C3CA42D921A1300C3315E /* FirstLvlPresenter.swift in Sources */ = {isa = PBXBuildFile; fileRef = 048C3CA32D921A1300C3315E /* FirstLvlPresenter.swift */; };
		048C3CA62D921A3000C3315E /* FirstLvlInteractor.swift in Sources */ = {isa = PBXBuildFile; fileRef = 048C3CA52D921A3000C3315E /* FirstLvlInteractor.swift */; };
		048C3CA82D921A4D00C3315E /* FirstLvlEntity.swift in Sources */ = {isa = PBXBuildFile; fileRef = 048C3CA72D921A4D00C3315E /* FirstLvlEntity.swift */; };
		048C3CAA2D921A5E00C3315E /* FirstLvlRouter.swift in Sources */ = {isa = PBXBuildFile; fileRef = 048C3CA92D921A5E00C3315E /* FirstLvlRouter.swift */; };
		048C3CAD2D92A7B800C3315E /* GameScene.swift in Sources */ = {isa = PBXBuildFile; fileRef = 048C3CAC2D92A7B800C3315E /* GameScene.swift */; };
		048C3CAF2D92A7CF00C3315E /* GameInteractor.swift in Sources */ = {isa = PBXBuildFile; fileRef = 048C3CAE2D92A7CF00C3315E /* GameInteractor.swift */; };
		048C3CB12D92A7E000C3315E /* GamePresenter.swift in Sources */ = {isa = PBXBuildFile; fileRef = 048C3CB02D92A7E000C3315E /* GamePresenter.swift */; };
		048C3CB32D92A7EE00C3315E /* GameEntity.swift in Sources */ = {isa = PBXBuildFile; fileRef = 048C3CB22D92A7EE00C3315E /* GameEntity.swift */; };
		048C3CB52D92A7FB00C3315E /* GameRouter.swift in Sources */ = {isa = PBXBuildFile; fileRef = 048C3CB42D92A7FB00C3315E /* GameRouter.swift */; };
		048C3CB82D92B0DC00C3315E /* MapContract.swift in Sources */ = {isa = PBXBuildFile; fileRef = 048C3CB72D92B0DC00C3315E /* MapContract.swift */; };
		048C3CBA2D92B10A00C3315E /* MapView.swift in Sources */ = {isa = PBXBuildFile; fileRef = 048C3CB92D92B10A00C3315E /* MapView.swift */; };
		048C3CBC2D92B12700C3315E /* MapPresenter.swift in Sources */ = {isa = PBXBuildFile; fileRef = 048C3CBB2D92B12700C3315E /* MapPresenter.swift */; };
		048C3CBE2D92B14400C3315E /* MapInteractor.swift in Sources */ = {isa = PBXBuildFile; fileRef = 048C3CBD2D92B14400C3315E /* MapInteractor.swift */; };
		048C3CC02D92B15700C3315E /* MapRouter.swift in Sources */ = {isa = PBXBuildFile; fileRef = 048C3CBF2D92B15700C3315E /* MapRouter.swift */; };
		04C79C542D3FF507002391F2 /* AppDelegate.swift in Sources */ = {isa = PBXBuildFile; fileRef = 04C79C532D3FF507002391F2 /* AppDelegate.swift */; };
		04C79C582D3FF507002391F2 /* Actions.sks in Resources */ = {isa = PBXBuildFile; fileRef = 04C79C572D3FF507002391F2 /* Actions.sks */; };
		04C79C5C2D3FF507002391F2 /* GameViewController.swift in Sources */ = {isa = PBXBuildFile; fileRef = 04C79C5B2D3FF507002391F2 /* GameViewController.swift */; };
		04C79C5F2D3FF507002391F2 /* Main.storyboard in Resources */ = {isa = PBXBuildFile; fileRef = 04C79C5D2D3FF507002391F2 /* Main.storyboard */; };
		04C79C612D3FF509002391F2 /* MainAssets.xcassets in Resources */ = {isa = PBXBuildFile; fileRef = 04C79C602D3FF509002391F2 /* MainAssets.xcassets */; };
		04C79C642D3FF509002391F2 /* LaunchScreen.storyboard in Resources */ = {isa = PBXBuildFile; fileRef = 04C79C622D3FF509002391F2 /* LaunchScreen.storyboard */; };
		04C79C6E2D3FF509002391F2 /* UP_THE_BITTests.swift in Sources */ = {isa = PBXBuildFile; fileRef = 04C79C6D2D3FF509002391F2 /* UP_THE_BITTests.swift */; };
		04C79C782D3FF509002391F2 /* UP_THE_BITUITests.swift in Sources */ = {isa = PBXBuildFile; fileRef = 04C79C772D3FF509002391F2 /* UP_THE_BITUITests.swift */; };
		04C79C7A2D3FF509002391F2 /* UP_THE_BITUITestsLaunchTests.swift in Sources */ = {isa = PBXBuildFile; fileRef = 04C79C792D3FF509002391F2 /* UP_THE_BITUITestsLaunchTests.swift */; };
		04C79C882D3FF71E002391F2 /* Constants.swift in Sources */ = {isa = PBXBuildFile; fileRef = 04C79C872D3FF71E002391F2 /* Constants.swift */; };
		04C79C8A2D3FF78E002391F2 /* mainMelody.mp3 in Resources */ = {isa = PBXBuildFile; fileRef = 04C79C892D3FF78E002391F2 /* mainMelody.mp3 */; };
		04C79C8C2D4001B2002391F2 /* knightTap.mp3 in Resources */ = {isa = PBXBuildFile; fileRef = 04C79C8B2D4001B2002391F2 /* knightTap.mp3 */; };
		04C79C8E2D4003AD002391F2 /* sound.mp3 in Resources */ = {isa = PBXBuildFile; fileRef = 04C79C8D2D4003AD002391F2 /* sound.mp3 */; };
/* End PBXBuildFile section */

/* Begin PBXContainerItemProxy section */
		04C79C6A2D3FF509002391F2 /* PBXContainerItemProxy */ = {
			isa = PBXContainerItemProxy;
			containerPortal = 04C79C482D3FF507002391F2 /* Project object */;
			proxyType = 1;
			remoteGlobalIDString = 04C79C4F2D3FF507002391F2;
			remoteInfo = UP_THE_BIT;
		};
		04C79C742D3FF509002391F2 /* PBXContainerItemProxy */ = {
			isa = PBXContainerItemProxy;
			containerPortal = 04C79C482D3FF507002391F2 /* Project object */;
			proxyType = 1;
			remoteGlobalIDString = 04C79C4F2D3FF507002391F2;
			remoteInfo = UP_THE_BIT;
		};
/* End PBXContainerItemProxy section */

/* Begin PBXFileReference section */
		040066712D8DB931009D7CFE /* firstlvl.mp3 */ = {isa = PBXFileReference; lastKnownFileType = audio.mp3; path = firstlvl.mp3; sourceTree = "<group>"; };
		040066762D8EBD1D009D7CFE /* Torch_Red.aseprite */ = {isa = PBXFileReference; lastKnownFileType = file; path = Torch_Red.aseprite; sourceTree = "<group>"; };
		040066772D8EBD23009D7CFE /* Torch_Red.png */ = {isa = PBXFileReference; lastKnownFileType = image.png; path = Torch_Red.png; sourceTree = "<group>"; };
		0400667A2D8EC0B2009D7CFE /* Animations.xcassets */ = {isa = PBXFileReference; lastKnownFileType = folder.assetcatalog; path = Animations.xcassets; sourceTree = "<group>"; };
		040066C02D903033009D7CFE /* Base */ = {isa = PBXFileReference; explicitFileType = text.xml; name = Base; path = Base.lproj/Info.plist; sourceTree = "<group>"; };
		04143DED2D40F4D600DAB592 /* MusicScene.swift */ = {isa = PBXFileReference; lastKnownFileType = sourcecode.swift; path = MusicScene.swift; sourceTree = "<group>"; };
		04143DF62D40F69800DAB592 /* MapAssets.xcassets */ = {isa = PBXFileReference; lastKnownFileType = folder.assetcatalog; path = MapAssets.xcassets; sourceTree = "<group>"; };
		04143DFF2D4110E700DAB592 /* ShopAssets.xcassets */ = {isa = PBXFileReference; lastKnownFileType = folder.assetcatalog; path = ShopAssets.xcassets; sourceTree = "<group>"; };
		04143E072D47BB6000DAB592 /* FirstLvlAssets.xcassets */ = {isa = PBXFileReference; lastKnownFileType = folder.assetcatalog; path = FirstLvlAssets.xcassets; sourceTree = "<group>"; };
		048C3CA12D9219EB00C3315E /* FirstLvlView.swift */ = {isa = PBXFileReference; lastKnownFileType = sourcecode.swift; path = FirstLvlView.swift; sourceTree = "<group>"; };
		048C3CA32D921A1300C3315E /* FirstLvlPresenter.swift */ = {isa = PBXFileReference; lastKnownFileType = sourcecode.swift; path = FirstLvlPresenter.swift; sourceTree = "<group>"; };
		048C3CA52D921A3000C3315E /* FirstLvlInteractor.swift */ = {isa = PBXFileReference; lastKnownFileType = sourcecode.swift; path = FirstLvlInteractor.swift; sourceTree = "<group>"; };
		048C3CA72D921A4D00C3315E /* FirstLvlEntity.swift */ = {isa = PBXFileReference; lastKnownFileType = sourcecode.swift; path = FirstLvlEntity.swift; sourceTree = "<group>"; };
		048C3CA92D921A5E00C3315E /* FirstLvlRouter.swift */ = {isa = PBXFileReference; lastKnownFileType = sourcecode.swift; path = FirstLvlRouter.swift; sourceTree = "<group>"; };
		048C3CAC2D92A7B800C3315E /* GameScene.swift */ = {isa = PBXFileReference; lastKnownFileType = sourcecode.swift; path = GameScene.swift; sourceTree = "<group>"; };
		048C3CAE2D92A7CF00C3315E /* GameInteractor.swift */ = {isa = PBXFileReference; lastKnownFileType = sourcecode.swift; path = GameInteractor.swift; sourceTree = "<group>"; };
		048C3CB02D92A7E000C3315E /* GamePresenter.swift */ = {isa = PBXFileReference; lastKnownFileType = sourcecode.swift; path = GamePresenter.swift; sourceTree = "<group>"; };
		048C3CB22D92A7EE00C3315E /* GameEntity.swift */ = {isa = PBXFileReference; lastKnownFileType = sourcecode.swift; path = GameEntity.swift; sourceTree = "<group>"; };
		048C3CB42D92A7FB00C3315E /* GameRouter.swift */ = {isa = PBXFileReference; lastKnownFileType = sourcecode.swift; path = GameRouter.swift; sourceTree = "<group>"; };
		048C3CB72D92B0DC00C3315E /* MapContract.swift */ = {isa = PBXFileReference; lastKnownFileType = sourcecode.swift; path = MapContract.swift; sourceTree = "<group>"; };
		048C3CB92D92B10A00C3315E /* MapView.swift */ = {isa = PBXFileReference; lastKnownFileType = sourcecode.swift; path = MapView.swift; sourceTree = "<group>"; };
		048C3CBB2D92B12700C3315E /* MapPresenter.swift */ = {isa = PBXFileReference; lastKnownFileType = sourcecode.swift; path = MapPresenter.swift; sourceTree = "<group>"; };
		048C3CBD2D92B14400C3315E /* MapInteractor.swift */ = {isa = PBXFileReference; lastKnownFileType = sourcecode.swift; path = MapInteractor.swift; sourceTree = "<group>"; };
		048C3CBF2D92B15700C3315E /* MapRouter.swift */ = {isa = PBXFileReference; lastKnownFileType = sourcecode.swift; path = MapRouter.swift; sourceTree = "<group>"; };
		04C79C502D3FF507002391F2 /* UP_THE_BIT.app */ = {isa = PBXFileReference; explicitFileType = wrapper.application; includeInIndex = 0; path = UP_THE_BIT.app; sourceTree = BUILT_PRODUCTS_DIR; };
		04C79C532D3FF507002391F2 /* AppDelegate.swift */ = {isa = PBXFileReference; lastKnownFileType = sourcecode.swift; path = AppDelegate.swift; sourceTree = "<group>"; };
		04C79C572D3FF507002391F2 /* Actions.sks */ = {isa = PBXFileReference; lastKnownFileType = file.sks; path = Actions.sks; sourceTree = "<group>"; };
		04C79C5B2D3FF507002391F2 /* GameViewController.swift */ = {isa = PBXFileReference; lastKnownFileType = sourcecode.swift; path = GameViewController.swift; sourceTree = "<group>"; };
		04C79C5E2D3FF507002391F2 /* Base */ = {isa = PBXFileReference; lastKnownFileType = file.storyboard; name = Base; path = Base.lproj/Main.storyboard; sourceTree = "<group>"; };
		04C79C602D3FF509002391F2 /* MainAssets.xcassets */ = {isa = PBXFileReference; lastKnownFileType = folder.assetcatalog; path = MainAssets.xcassets; sourceTree = "<group>"; };
		04C79C632D3FF509002391F2 /* Base */ = {isa = PBXFileReference; lastKnownFileType = file.storyboard; name = Base; path = Base.lproj/LaunchScreen.storyboard; sourceTree = "<group>"; };
		04C79C692D3FF509002391F2 /* UP_THE_BITTests.xctest */ = {isa = PBXFileReference; explicitFileType = wrapper.cfbundle; includeInIndex = 0; path = UP_THE_BITTests.xctest; sourceTree = BUILT_PRODUCTS_DIR; };
		04C79C6D2D3FF509002391F2 /* UP_THE_BITTests.swift */ = {isa = PBXFileReference; lastKnownFileType = sourcecode.swift; path = UP_THE_BITTests.swift; sourceTree = "<group>"; };
		04C79C732D3FF509002391F2 /* UP_THE_BITUITests.xctest */ = {isa = PBXFileReference; explicitFileType = wrapper.cfbundle; includeInIndex = 0; path = UP_THE_BITUITests.xctest; sourceTree = BUILT_PRODUCTS_DIR; };
		04C79C772D3FF509002391F2 /* UP_THE_BITUITests.swift */ = {isa = PBXFileReference; lastKnownFileType = sourcecode.swift; path = UP_THE_BITUITests.swift; sourceTree = "<group>"; };
		04C79C792D3FF509002391F2 /* UP_THE_BITUITestsLaunchTests.swift */ = {isa = PBXFileReference; lastKnownFileType = sourcecode.swift; path = UP_THE_BITUITestsLaunchTests.swift; sourceTree = "<group>"; };
		04C79C872D3FF71E002391F2 /* Constants.swift */ = {isa = PBXFileReference; lastKnownFileType = sourcecode.swift; path = Constants.swift; sourceTree = "<group>"; };
		04C79C892D3FF78E002391F2 /* mainMelody.mp3 */ = {isa = PBXFileReference; lastKnownFileType = audio.mp3; path = mainMelody.mp3; sourceTree = "<group>"; };
		04C79C8B2D4001B2002391F2 /* knightTap.mp3 */ = {isa = PBXFileReference; lastKnownFileType = audio.mp3; path = knightTap.mp3; sourceTree = "<group>"; };
		04C79C8D2D4003AD002391F2 /* sound.mp3 */ = {isa = PBXFileReference; lastKnownFileType = audio.mp3; path = sound.mp3; sourceTree = "<group>"; };
/* End PBXFileReference section */

/* Begin PBXFrameworksBuildPhase section */
		04C79C4D2D3FF507002391F2 /* Frameworks */ = {
			isa = PBXFrameworksBuildPhase;
			buildActionMask = 2147483647;
			files = (
			);
			runOnlyForDeploymentPostprocessing = 0;
		};
		04C79C662D3FF509002391F2 /* Frameworks */ = {
			isa = PBXFrameworksBuildPhase;
			buildActionMask = 2147483647;
			files = (
			);
			runOnlyForDeploymentPostprocessing = 0;
		};
		04C79C702D3FF509002391F2 /* Frameworks */ = {
			isa = PBXFrameworksBuildPhase;
			buildActionMask = 2147483647;
			files = (
			);
			runOnlyForDeploymentPostprocessing = 0;
		};
/* End PBXFrameworksBuildPhase section */

/* Begin PBXGroup section */
		040066752D8EBCFF009D7CFE /* Animations */ = {
			isa = PBXGroup;
			children = (
				040066772D8EBD23009D7CFE /* Torch_Red.png */,
				040066762D8EBD1D009D7CFE /* Torch_Red.aseprite */,
			);
			path = Animations;
			sourceTree = "<group>";
		};
		04143DF32D40F5DC00DAB592 /* Scenes */ = {
			isa = PBXGroup;
			children = (
				04143DED2D40F4D600DAB592 /* MusicScene.swift */,
			);
			path = Scenes;
			sourceTree = "<group>";
		};
		04143DF52D40F63900DAB592 /* Others */ = {
			isa = PBXGroup;
			children = (
				04C79C532D3FF507002391F2 /* AppDelegate.swift */,
				04C79C572D3FF507002391F2 /* Actions.sks */,
				04C79C5D2D3FF507002391F2 /* Main.storyboard */,
				04C79C622D3FF509002391F2 /* LaunchScreen.storyboard */,
			);
			path = Others;
			sourceTree = "<group>";
		};
		04143DF82D40F6A300DAB592 /* Assets */ = {
			isa = PBXGroup;
			children = (
				04C79C602D3FF509002391F2 /* MainAssets.xcassets */,
				04143DF62D40F69800DAB592 /* MapAssets.xcassets */,
				04143DFF2D4110E700DAB592 /* ShopAssets.xcassets */,
				04143E072D47BB6000DAB592 /* FirstLvlAssets.xcassets */,
				0400667A2D8EC0B2009D7CFE /* Animations.xcassets */,
			);
			path = Assets;
			sourceTree = "<group>";
		};
		048C3CA02D9219C100C3315E /* FirstLvl */ = {
			isa = PBXGroup;
			children = (
				048C3CA12D9219EB00C3315E /* FirstLvlView.swift */,
				048C3CA32D921A1300C3315E /* FirstLvlPresenter.swift */,
				048C3CA52D921A3000C3315E /* FirstLvlInteractor.swift */,
				048C3CA72D921A4D00C3315E /* FirstLvlEntity.swift */,
				048C3CA92D921A5E00C3315E /* FirstLvlRouter.swift */,
			);
			path = FirstLvl;
			sourceTree = "<group>";
		};
		048C3CAB2D92A75A00C3315E /* GameScene */ = {
			isa = PBXGroup;
			children = (
				048C3CAC2D92A7B800C3315E /* GameScene.swift */,
				048C3CAE2D92A7CF00C3315E /* GameInteractor.swift */,
				048C3CB02D92A7E000C3315E /* GamePresenter.swift */,
				048C3CB22D92A7EE00C3315E /* GameEntity.swift */,
				048C3CB42D92A7FB00C3315E /* GameRouter.swift */,
			);
			path = GameScene;
			sourceTree = "<group>";
		};
		048C3CB62D92AF6000C3315E /* MapScene */ = {
			isa = PBXGroup;
			children = (
				048C3CB72D92B0DC00C3315E /* MapContract.swift */,
				048C3CB92D92B10A00C3315E /* MapView.swift */,
				048C3CBB2D92B12700C3315E /* MapPresenter.swift */,
				048C3CBD2D92B14400C3315E /* MapInteractor.swift */,
				048C3CBF2D92B15700C3315E /* MapRouter.swift */,
			);
			path = MapScene;
			sourceTree = "<group>";
		};
		04C79C472D3FF507002391F2 = {
			isa = PBXGroup;
			children = (
				04C79C522D3FF507002391F2 /* UP_THE_BIT */,
				04C79C6C2D3FF509002391F2 /* UP_THE_BITTests */,
				04C79C762D3FF509002391F2 /* UP_THE_BITUITests */,
				04C79C512D3FF507002391F2 /* Products */,
				04F1958B2D4ABD2B00BCD151 /* Frameworks */,
			);
			sourceTree = "<group>";
		};
		04C79C512D3FF507002391F2 /* Products */ = {
			isa = PBXGroup;
			children = (
				04C79C502D3FF507002391F2 /* UP_THE_BIT.app */,
				04C79C692D3FF509002391F2 /* UP_THE_BITTests.xctest */,
				04C79C732D3FF509002391F2 /* UP_THE_BITUITests.xctest */,
			);
			name = Products;
			sourceTree = "<group>";
		};
		04C79C522D3FF507002391F2 /* UP_THE_BIT */ = {
			isa = PBXGroup;
			children = (
				04C79C5B2D3FF507002391F2 /* GameViewController.swift */,
				048C3CB62D92AF6000C3315E /* MapScene */,
				048C3CAB2D92A75A00C3315E /* GameScene */,
				048C3CA02D9219C100C3315E /* FirstLvl */,
				04C79C872D3FF71E002391F2 /* Constants.swift */,
				04143DF32D40F5DC00DAB592 /* Scenes */,
				04143DF82D40F6A300DAB592 /* Assets */,
				04C79C862D3FF6E7002391F2 /* music */,
				040066752D8EBCFF009D7CFE /* Animations */,
				04143DF52D40F63900DAB592 /* Others */,
				040066C12D903033009D7CFE /* Info.plist */,
			);
			path = UP_THE_BIT;
			sourceTree = "<group>";
		};
		04C79C6C2D3FF509002391F2 /* UP_THE_BITTests */ = {
			isa = PBXGroup;
			children = (
				04C79C6D2D3FF509002391F2 /* UP_THE_BITTests.swift */,
			);
			path = UP_THE_BITTests;
			sourceTree = "<group>";
		};
		04C79C762D3FF509002391F2 /* UP_THE_BITUITests */ = {
			isa = PBXGroup;
			children = (
				04C79C772D3FF509002391F2 /* UP_THE_BITUITests.swift */,
				04C79C792D3FF509002391F2 /* UP_THE_BITUITestsLaunchTests.swift */,
			);
			path = UP_THE_BITUITests;
			sourceTree = "<group>";
		};
		04C79C862D3FF6E7002391F2 /* music */ = {
			isa = PBXGroup;
			children = (
				04C79C8B2D4001B2002391F2 /* knightTap.mp3 */,
				040066712D8DB931009D7CFE /* firstlvl.mp3 */,
				04C79C892D3FF78E002391F2 /* mainMelody.mp3 */,
				04C79C8D2D4003AD002391F2 /* sound.mp3 */,
			);
			path = music;
			sourceTree = "<group>";
		};
		04F1958B2D4ABD2B00BCD151 /* Frameworks */ = {
			isa = PBXGroup;
			children = (
			);
			name = Frameworks;
			sourceTree = "<group>";
		};
/* End PBXGroup section */

/* Begin PBXNativeTarget section */
		04C79C4F2D3FF507002391F2 /* UP_THE_BIT */ = {
			isa = PBXNativeTarget;
			buildConfigurationList = 04C79C7D2D3FF509002391F2 /* Build configuration list for PBXNativeTarget "UP_THE_BIT" */;
			buildPhases = (
				04C79C4C2D3FF507002391F2 /* Sources */,
				04C79C4D2D3FF507002391F2 /* Frameworks */,
				04C79C4E2D3FF507002391F2 /* Resources */,
			);
			buildRules = (
			);
			dependencies = (
			);
			name = UP_THE_BIT;
			productName = UP_THE_BIT;
			productReference = 04C79C502D3FF507002391F2 /* UP_THE_BIT.app */;
			productType = "com.apple.product-type.application";
		};
		04C79C682D3FF509002391F2 /* UP_THE_BITTests */ = {
			isa = PBXNativeTarget;
			buildConfigurationList = 04C79C802D3FF509002391F2 /* Build configuration list for PBXNativeTarget "UP_THE_BITTests" */;
			buildPhases = (
				04C79C652D3FF509002391F2 /* Sources */,
				04C79C662D3FF509002391F2 /* Frameworks */,
				04C79C672D3FF509002391F2 /* Resources */,
			);
			buildRules = (
			);
			dependencies = (
				04C79C6B2D3FF509002391F2 /* PBXTargetDependency */,
			);
			name = UP_THE_BITTests;
			productName = UP_THE_BITTests;
			productReference = 04C79C692D3FF509002391F2 /* UP_THE_BITTests.xctest */;
			productType = "com.apple.product-type.bundle.unit-test";
		};
		04C79C722D3FF509002391F2 /* UP_THE_BITUITests */ = {
			isa = PBXNativeTarget;
			buildConfigurationList = 04C79C832D3FF509002391F2 /* Build configuration list for PBXNativeTarget "UP_THE_BITUITests" */;
			buildPhases = (
				04C79C6F2D3FF509002391F2 /* Sources */,
				04C79C702D3FF509002391F2 /* Frameworks */,
				04C79C712D3FF509002391F2 /* Resources */,
			);
			buildRules = (
			);
			dependencies = (
				04C79C752D3FF509002391F2 /* PBXTargetDependency */,
			);
			name = UP_THE_BITUITests;
			productName = UP_THE_BITUITests;
			productReference = 04C79C732D3FF509002391F2 /* UP_THE_BITUITests.xctest */;
			productType = "com.apple.product-type.bundle.ui-testing";
		};
/* End PBXNativeTarget section */

/* Begin PBXProject section */
		04C79C482D3FF507002391F2 /* Project object */ = {
			isa = PBXProject;
			attributes = {
				BuildIndependentTargetsInParallel = 1;
				LastSwiftUpdateCheck = 1520;
				LastUpgradeCheck = 1520;
				TargetAttributes = {
					04C79C4F2D3FF507002391F2 = {
						CreatedOnToolsVersion = 15.2;
					};
					04C79C682D3FF509002391F2 = {
						CreatedOnToolsVersion = 15.2;
						TestTargetID = 04C79C4F2D3FF507002391F2;
					};
					04C79C722D3FF509002391F2 = {
						CreatedOnToolsVersion = 15.2;
						TestTargetID = 04C79C4F2D3FF507002391F2;
					};
				};
			};
			buildConfigurationList = 04C79C4B2D3FF507002391F2 /* Build configuration list for PBXProject "UP_THE_BIT" */;
			compatibilityVersion = "Xcode 14.0";
			developmentRegion = en;
			hasScannedForEncodings = 0;
			knownRegions = (
				en,
				Base,
			);
			mainGroup = 04C79C472D3FF507002391F2;
			productRefGroup = 04C79C512D3FF507002391F2 /* Products */;
			projectDirPath = "";
			projectRoot = "";
			targets = (
				04C79C4F2D3FF507002391F2 /* UP_THE_BIT */,
				04C79C682D3FF509002391F2 /* UP_THE_BITTests */,
				04C79C722D3FF509002391F2 /* UP_THE_BITUITests */,
			);
		};
/* End PBXProject section */

/* Begin PBXResourcesBuildPhase section */
		04C79C4E2D3FF507002391F2 /* Resources */ = {
			isa = PBXResourcesBuildPhase;
			buildActionMask = 2147483647;
			files = (
				04143E082D47BB6000DAB592 /* FirstLvlAssets.xcassets in Resources */,
				04C79C8E2D4003AD002391F2 /* sound.mp3 in Resources */,
				040066BF2D903033009D7CFE /* Info.plist in Resources */,
				040066722D8DB931009D7CFE /* firstlvl.mp3 in Resources */,
				04C79C5F2D3FF507002391F2 /* Main.storyboard in Resources */,
				04C79C612D3FF509002391F2 /* MainAssets.xcassets in Resources */,
				04C79C8C2D4001B2002391F2 /* knightTap.mp3 in Resources */,
				04C79C8A2D3FF78E002391F2 /* mainMelody.mp3 in Resources */,
				04C79C642D3FF509002391F2 /* LaunchScreen.storyboard in Resources */,
				040066782D8EBD23009D7CFE /* Torch_Red.png in Resources */,
				0400667B2D8EC0B2009D7CFE /* Animations.xcassets in Resources */,
				04143E002D4110E700DAB592 /* ShopAssets.xcassets in Resources */,
				04143DF72D40F69800DAB592 /* MapAssets.xcassets in Resources */,
				04C79C582D3FF507002391F2 /* Actions.sks in Resources */,
			);
			runOnlyForDeploymentPostprocessing = 0;
		};
		04C79C672D3FF509002391F2 /* Resources */ = {
			isa = PBXResourcesBuildPhase;
			buildActionMask = 2147483647;
			files = (
				040066C22D90346D009D7CFE /* Info.plist in Resources */,
			);
			runOnlyForDeploymentPostprocessing = 0;
		};
		04C79C712D3FF509002391F2 /* Resources */ = {
			isa = PBXResourcesBuildPhase;
			buildActionMask = 2147483647;
			files = (
				040066C32D90346D009D7CFE /* Info.plist in Resources */,
			);
			runOnlyForDeploymentPostprocessing = 0;
		};
/* End PBXResourcesBuildPhase section */

/* Begin PBXSourcesBuildPhase section */
		04C79C4C2D3FF507002391F2 /* Sources */ = {
			isa = PBXSourcesBuildPhase;
			buildActionMask = 2147483647;
			files = (
				048C3CB82D92B0DC00C3315E /* MapContract.swift in Sources */,
				048C3CB12D92A7E000C3315E /* GamePresenter.swift in Sources */,
				048C3CA22D9219EB00C3315E /* FirstLvlView.swift in Sources */,
				048C3CB32D92A7EE00C3315E /* GameEntity.swift in Sources */,
				048C3CB52D92A7FB00C3315E /* GameRouter.swift in Sources */,
				048C3CA82D921A4D00C3315E /* FirstLvlEntity.swift in Sources */,
				048C3CBC2D92B12700C3315E /* MapPresenter.swift in Sources */,
				04143DEE2D40F4D600DAB592 /* MusicScene.swift in Sources */,
				048C3CAF2D92A7CF00C3315E /* GameInteractor.swift in Sources */,
				048C3CAA2D921A5E00C3315E /* FirstLvlRouter.swift in Sources */,
				048C3CBE2D92B14400C3315E /* MapInteractor.swift in Sources */,
				04C79C5C2D3FF507002391F2 /* GameViewController.swift in Sources */,
				048C3CA62D921A3000C3315E /* FirstLvlInteractor.swift in Sources */,
				048C3CA42D921A1300C3315E /* FirstLvlPresenter.swift in Sources */,
				048C3CBA2D92B10A00C3315E /* MapView.swift in Sources */,
				04C79C542D3FF507002391F2 /* AppDelegate.swift in Sources */,
				048C3CC02D92B15700C3315E /* MapRouter.swift in Sources */,
				048C3CAD2D92A7B800C3315E /* GameScene.swift in Sources */,
				04C79C882D3FF71E002391F2 /* Constants.swift in Sources */,
			);
			runOnlyForDeploymentPostprocessing = 0;
		};
		04C79C652D3FF509002391F2 /* Sources */ = {
			isa = PBXSourcesBuildPhase;
			buildActionMask = 2147483647;
			files = (
				04C79C6E2D3FF509002391F2 /* UP_THE_BITTests.swift in Sources */,
			);
			runOnlyForDeploymentPostprocessing = 0;
		};
		04C79C6F2D3FF509002391F2 /* Sources */ = {
			isa = PBXSourcesBuildPhase;
			buildActionMask = 2147483647;
			files = (
				04C79C782D3FF509002391F2 /* UP_THE_BITUITests.swift in Sources */,
				04C79C7A2D3FF509002391F2 /* UP_THE_BITUITestsLaunchTests.swift in Sources */,
			);
			runOnlyForDeploymentPostprocessing = 0;
		};
/* End PBXSourcesBuildPhase section */

/* Begin PBXTargetDependency section */
		04C79C6B2D3FF509002391F2 /* PBXTargetDependency */ = {
			isa = PBXTargetDependency;
			target = 04C79C4F2D3FF507002391F2 /* UP_THE_BIT */;
			targetProxy = 04C79C6A2D3FF509002391F2 /* PBXContainerItemProxy */;
		};
		04C79C752D3FF509002391F2 /* PBXTargetDependency */ = {
			isa = PBXTargetDependency;
			target = 04C79C4F2D3FF507002391F2 /* UP_THE_BIT */;
			targetProxy = 04C79C742D3FF509002391F2 /* PBXContainerItemProxy */;
		};
/* End PBXTargetDependency section */

/* Begin PBXVariantGroup section */
		040066C12D903033009D7CFE /* Info.plist */ = {
			isa = PBXVariantGroup;
			children = (
				040066C02D903033009D7CFE /* Base */,
			);
			name = Info.plist;
			path = /Users/mac/Desktop/ex/UP_THE_BIT;
			sourceTree = "<absolute>";
		};
		04C79C5D2D3FF507002391F2 /* Main.storyboard */ = {
			isa = PBXVariantGroup;
			children = (
				04C79C5E2D3FF507002391F2 /* Base */,
			);
			name = Main.storyboard;
			sourceTree = "<group>";
		};
		04C79C622D3FF509002391F2 /* LaunchScreen.storyboard */ = {
			isa = PBXVariantGroup;
			children = (
				04C79C632D3FF509002391F2 /* Base */,
			);
			name = LaunchScreen.storyboard;
			sourceTree = "<group>";
		};
/* End PBXVariantGroup section */

/* Begin XCBuildConfiguration section */
		04C79C7B2D3FF509002391F2 /* Debug */ = {
			isa = XCBuildConfiguration;
			buildSettings = {
				ALWAYS_SEARCH_USER_PATHS = NO;
				ASSETCATALOG_COMPILER_GENERATE_SWIFT_ASSET_SYMBOL_EXTENSIONS = YES;
				CLANG_ANALYZER_NONNULL = YES;
				CLANG_ANALYZER_NUMBER_OBJECT_CONVERSION = YES_AGGRESSIVE;
				CLANG_CXX_LANGUAGE_STANDARD = "gnu++20";
				CLANG_ENABLE_MODULES = YES;
				CLANG_ENABLE_OBJC_ARC = YES;
				CLANG_ENABLE_OBJC_WEAK = YES;
				CLANG_WARN_BLOCK_CAPTURE_AUTORELEASING = YES;
				CLANG_WARN_BOOL_CONVERSION = YES;
				CLANG_WARN_COMMA = YES;
				CLANG_WARN_CONSTANT_CONVERSION = YES;
				CLANG_WARN_DEPRECATED_OBJC_IMPLEMENTATIONS = YES;
				CLANG_WARN_DIRECT_OBJC_ISA_USAGE = YES_ERROR;
				CLANG_WARN_DOCUMENTATION_COMMENTS = YES;
				CLANG_WARN_EMPTY_BODY = YES;
				CLANG_WARN_ENUM_CONVERSION = YES;
				CLANG_WARN_INFINITE_RECURSION = YES;
				CLANG_WARN_INT_CONVERSION = YES;
				CLANG_WARN_NON_LITERAL_NULL_CONVERSION = YES;
				CLANG_WARN_OBJC_IMPLICIT_RETAIN_SELF = YES;
				CLANG_WARN_OBJC_LITERAL_CONVERSION = YES;
				CLANG_WARN_OBJC_ROOT_CLASS = YES_ERROR;
				CLANG_WARN_QUOTED_INCLUDE_IN_FRAMEWORK_HEADER = YES;
				CLANG_WARN_RANGE_LOOP_ANALYSIS = YES;
				CLANG_WARN_STRICT_PROTOTYPES = YES;
				CLANG_WARN_SUSPICIOUS_MOVE = YES;
				CLANG_WARN_UNGUARDED_AVAILABILITY = YES_AGGRESSIVE;
				CLANG_WARN_UNREACHABLE_CODE = YES;
				CLANG_WARN__DUPLICATE_METHOD_MATCH = YES;
				COPY_PHASE_STRIP = NO;
				DEBUG_INFORMATION_FORMAT = dwarf;
				ENABLE_STRICT_OBJC_MSGSEND = YES;
				ENABLE_TESTABILITY = YES;
				ENABLE_USER_SCRIPT_SANDBOXING = YES;
				GCC_C_LANGUAGE_STANDARD = gnu17;
				GCC_DYNAMIC_NO_PIC = NO;
				GCC_NO_COMMON_BLOCKS = YES;
				GCC_OPTIMIZATION_LEVEL = 0;
				GCC_PREPROCESSOR_DEFINITIONS = (
					"DEBUG=1",
					"$(inherited)",
				);
				GCC_WARN_64_TO_32_BIT_CONVERSION = YES;
				GCC_WARN_ABOUT_RETURN_TYPE = YES_ERROR;
				GCC_WARN_UNDECLARED_SELECTOR = YES;
				GCC_WARN_UNINITIALIZED_AUTOS = YES_AGGRESSIVE;
				GCC_WARN_UNUSED_FUNCTION = YES;
				GCC_WARN_UNUSED_VARIABLE = YES;
				GENERATE_INFOPLIST_FILE = YES;
				INFOPLIST_FILE = /Users/mac/Desktop/ex/UP_THE_BIT/Base.lproj/Info.plist;
				INFOPLIST_KEY_NSFallDetectionUsageDescription = "";
				INFOPLIST_KEY_NSFileProviderDomainUsageDescription = "";
				IPHONEOS_DEPLOYMENT_TARGET = 17.2;
				LOCALIZATION_PREFERS_STRING_CATALOGS = YES;
				MTL_ENABLE_DEBUG_INFO = INCLUDE_SOURCE;
				MTL_FAST_MATH = YES;
				ONLY_ACTIVE_ARCH = YES;
				SDKROOT = iphoneos;
				SWIFT_ACTIVE_COMPILATION_CONDITIONS = "DEBUG $(inherited)";
				SWIFT_OPTIMIZATION_LEVEL = "-Onone";
			};
			name = Debug;
		};
		04C79C7C2D3FF509002391F2 /* Release */ = {
			isa = XCBuildConfiguration;
			buildSettings = {
				ALWAYS_SEARCH_USER_PATHS = NO;
				ASSETCATALOG_COMPILER_GENERATE_SWIFT_ASSET_SYMBOL_EXTENSIONS = YES;
				CLANG_ANALYZER_NONNULL = YES;
				CLANG_ANALYZER_NUMBER_OBJECT_CONVERSION = YES_AGGRESSIVE;
				CLANG_CXX_LANGUAGE_STANDARD = "gnu++20";
				CLANG_ENABLE_MODULES = YES;
				CLANG_ENABLE_OBJC_ARC = YES;
				CLANG_ENABLE_OBJC_WEAK = YES;
				CLANG_WARN_BLOCK_CAPTURE_AUTORELEASING = YES;
				CLANG_WARN_BOOL_CONVERSION = YES;
				CLANG_WARN_COMMA = YES;
				CLANG_WARN_CONSTANT_CONVERSION = YES;
				CLANG_WARN_DEPRECATED_OBJC_IMPLEMENTATIONS = YES;
				CLANG_WARN_DIRECT_OBJC_ISA_USAGE = YES_ERROR;
				CLANG_WARN_DOCUMENTATION_COMMENTS = YES;
				CLANG_WARN_EMPTY_BODY = YES;
				CLANG_WARN_ENUM_CONVERSION = YES;
				CLANG_WARN_INFINITE_RECURSION = YES;
				CLANG_WARN_INT_CONVERSION = YES;
				CLANG_WARN_NON_LITERAL_NULL_CONVERSION = YES;
				CLANG_WARN_OBJC_IMPLICIT_RETAIN_SELF = YES;
				CLANG_WARN_OBJC_LITERAL_CONVERSION = YES;
				CLANG_WARN_OBJC_ROOT_CLASS = YES_ERROR;
				CLANG_WARN_QUOTED_INCLUDE_IN_FRAMEWORK_HEADER = YES;
				CLANG_WARN_RANGE_LOOP_ANALYSIS = YES;
				CLANG_WARN_STRICT_PROTOTYPES = YES;
				CLANG_WARN_SUSPICIOUS_MOVE = YES;
				CLANG_WARN_UNGUARDED_AVAILABILITY = YES_AGGRESSIVE;
				CLANG_WARN_UNREACHABLE_CODE = YES;
				CLANG_WARN__DUPLICATE_METHOD_MATCH = YES;
				COPY_PHASE_STRIP = NO;
				DEBUG_INFORMATION_FORMAT = "dwarf-with-dsym";
				ENABLE_NS_ASSERTIONS = NO;
				ENABLE_STRICT_OBJC_MSGSEND = YES;
				ENABLE_USER_SCRIPT_SANDBOXING = YES;
				GCC_C_LANGUAGE_STANDARD = gnu17;
				GCC_NO_COMMON_BLOCKS = YES;
				GCC_WARN_64_TO_32_BIT_CONVERSION = YES;
				GCC_WARN_ABOUT_RETURN_TYPE = YES_ERROR;
				GCC_WARN_UNDECLARED_SELECTOR = YES;
				GCC_WARN_UNINITIALIZED_AUTOS = YES_AGGRESSIVE;
				GCC_WARN_UNUSED_FUNCTION = YES;
				GCC_WARN_UNUSED_VARIABLE = YES;
				GENERATE_INFOPLIST_FILE = YES;
				INFOPLIST_FILE = /Users/mac/Desktop/ex/UP_THE_BIT/Base.lproj/Info.plist;
				INFOPLIST_KEY_NSFallDetectionUsageDescription = "";
				INFOPLIST_KEY_NSFileProviderDomainUsageDescription = "";
				IPHONEOS_DEPLOYMENT_TARGET = 17.2;
				LOCALIZATION_PREFERS_STRING_CATALOGS = YES;
				MTL_ENABLE_DEBUG_INFO = NO;
				MTL_FAST_MATH = YES;
				SDKROOT = iphoneos;
				SWIFT_COMPILATION_MODE = wholemodule;
				VALIDATE_PRODUCT = YES;
			};
			name = Release;
		};
		04C79C7E2D3FF509002391F2 /* Debug */ = {
			isa = XCBuildConfiguration;
			buildSettings = {
				ASSETCATALOG_COMPILER_APPICON_NAME = AppIcon;
				ASSETCATALOG_COMPILER_GLOBAL_ACCENT_COLOR_NAME = AccentColor;
				CODE_SIGN_IDENTITY = "Apple Development";
				CODE_SIGN_STYLE = Automatic;
				CURRENT_PROJECT_VERSION = 1;
				DEVELOPMENT_TEAM = AX2B57NH5J;
				GENERATE_INFOPLIST_FILE = YES;
				INFOPLIST_KEY_UIApplicationSupportsIndirectInputEvents = YES;
				INFOPLIST_KEY_UILaunchStoryboardName = LaunchScreen;
				INFOPLIST_KEY_UIMainStoryboardFile = Main;
				INFOPLIST_KEY_UIStatusBarHidden = YES;
				INFOPLIST_KEY_UISupportedInterfaceOrientations_iPad = "UIInterfaceOrientationPortrait UIInterfaceOrientationPortraitUpsideDown UIInterfaceOrientationLandscapeLeft UIInterfaceOrientationLandscapeRight";
				INFOPLIST_KEY_UISupportedInterfaceOrientations_iPhone = "UIInterfaceOrientationPortrait UIInterfaceOrientationLandscapeLeft UIInterfaceOrientationLandscapeRight";
				LD_RUNPATH_SEARCH_PATHS = (
					"$(inherited)",
					"@executable_path/Frameworks",
				);
				MARKETING_VERSION = 1.0;
				PRODUCT_BUNDLE_IDENTIFIER = "igor.UP-THE-BIT";
				PRODUCT_NAME = "$(TARGET_NAME)";
				PROVISIONING_PROFILE_SPECIFIER = "";
				SWIFT_EMIT_LOC_STRINGS = YES;
				SWIFT_VERSION = 5.0;
				TARGETED_DEVICE_FAMILY = "1,2";
			};
			name = Debug;
		};
		04C79C7F2D3FF509002391F2 /* Release */ = {
			isa = XCBuildConfiguration;
			buildSettings = {
				ASSETCATALOG_COMPILER_APPICON_NAME = AppIcon;
				ASSETCATALOG_COMPILER_GLOBAL_ACCENT_COLOR_NAME = AccentColor;
				CODE_SIGN_IDENTITY = "Apple Development";
				CODE_SIGN_STYLE = Manual;
				CURRENT_PROJECT_VERSION = 1;
				DEVELOPMENT_TEAM = "";
				GENERATE_INFOPLIST_FILE = YES;
				INFOPLIST_KEY_UIApplicationSupportsIndirectInputEvents = YES;
				INFOPLIST_KEY_UILaunchStoryboardName = LaunchScreen;
				INFOPLIST_KEY_UIMainStoryboardFile = Main;
				INFOPLIST_KEY_UIStatusBarHidden = YES;
				INFOPLIST_KEY_UISupportedInterfaceOrientations_iPad = "UIInterfaceOrientationPortrait UIInterfaceOrientationPortraitUpsideDown UIInterfaceOrientationLandscapeLeft UIInterfaceOrientationLandscapeRight";
				INFOPLIST_KEY_UISupportedInterfaceOrientations_iPhone = "UIInterfaceOrientationPortrait UIInterfaceOrientationLandscapeLeft UIInterfaceOrientationLandscapeRight";
				LD_RUNPATH_SEARCH_PATHS = (
					"$(inherited)",
					"@executable_path/Frameworks",
				);
				MARKETING_VERSION = 1.0;
				PRODUCT_BUNDLE_IDENTIFIER = "igor.UP-THE-BIT";
				PRODUCT_NAME = "$(TARGET_NAME)";
				PROVISIONING_PROFILE_SPECIFIER = "";
				SWIFT_EMIT_LOC_STRINGS = YES;
				SWIFT_VERSION = 5.0;
				TARGETED_DEVICE_FAMILY = "1,2";
			};
			name = Release;
		};
		04C79C812D3FF509002391F2 /* Debug */ = {
			isa = XCBuildConfiguration;
			buildSettings = {
				ALWAYS_EMBED_SWIFT_STANDARD_LIBRARIES = YES;
				BUNDLE_LOADER = "$(TEST_HOST)";
				CODE_SIGN_STYLE = Automatic;
				CURRENT_PROJECT_VERSION = 1;
				GENERATE_INFOPLIST_FILE = YES;
				IPHONEOS_DEPLOYMENT_TARGET = 17.2;
				MARKETING_VERSION = 1.0;
				PRODUCT_BUNDLE_IDENTIFIER = "igor.UP-THE-BITTests";
				PRODUCT_NAME = "$(TARGET_NAME)";
				SWIFT_EMIT_LOC_STRINGS = NO;
				SWIFT_VERSION = 5.0;
				TARGETED_DEVICE_FAMILY = "1,2";
				TEST_HOST = "$(BUILT_PRODUCTS_DIR)/UP_THE_BIT.app/$(BUNDLE_EXECUTABLE_FOLDER_PATH)/UP_THE_BIT";
			};
			name = Debug;
		};
		04C79C822D3FF509002391F2 /* Release */ = {
			isa = XCBuildConfiguration;
			buildSettings = {
				ALWAYS_EMBED_SWIFT_STANDARD_LIBRARIES = YES;
				BUNDLE_LOADER = "$(TEST_HOST)";
				CODE_SIGN_STYLE = Automatic;
				CURRENT_PROJECT_VERSION = 1;
				GENERATE_INFOPLIST_FILE = YES;
				IPHONEOS_DEPLOYMENT_TARGET = 17.2;
				MARKETING_VERSION = 1.0;
				PRODUCT_BUNDLE_IDENTIFIER = "igor.UP-THE-BITTests";
				PRODUCT_NAME = "$(TARGET_NAME)";
				SWIFT_EMIT_LOC_STRINGS = NO;
				SWIFT_VERSION = 5.0;
				TARGETED_DEVICE_FAMILY = "1,2";
				TEST_HOST = "$(BUILT_PRODUCTS_DIR)/UP_THE_BIT.app/$(BUNDLE_EXECUTABLE_FOLDER_PATH)/UP_THE_BIT";
			};
			name = Release;
		};
		04C79C842D3FF509002391F2 /* Debug */ = {
			isa = XCBuildConfiguration;
			buildSettings = {
				ALWAYS_EMBED_SWIFT_STANDARD_LIBRARIES = YES;
				CODE_SIGN_STYLE = Automatic;
				CURRENT_PROJECT_VERSION = 1;
				GENERATE_INFOPLIST_FILE = YES;
				MARKETING_VERSION = 1.0;
				PRODUCT_BUNDLE_IDENTIFIER = "igor.UP-THE-BITUITests";
				PRODUCT_NAME = "$(TARGET_NAME)";
				SWIFT_EMIT_LOC_STRINGS = NO;
				SWIFT_VERSION = 5.0;
				TARGETED_DEVICE_FAMILY = "1,2";
				TEST_TARGET_NAME = UP_THE_BIT;
			};
			name = Debug;
		};
		04C79C852D3FF509002391F2 /* Release */ = {
			isa = XCBuildConfiguration;
			buildSettings = {
				ALWAYS_EMBED_SWIFT_STANDARD_LIBRARIES = YES;
				CODE_SIGN_STYLE = Automatic;
				CURRENT_PROJECT_VERSION = 1;
				GENERATE_INFOPLIST_FILE = YES;
				MARKETING_VERSION = 1.0;
				PRODUCT_BUNDLE_IDENTIFIER = "igor.UP-THE-BITUITests";
				PRODUCT_NAME = "$(TARGET_NAME)";
				SWIFT_EMIT_LOC_STRINGS = NO;
				SWIFT_VERSION = 5.0;
				TARGETED_DEVICE_FAMILY = "1,2";
				TEST_TARGET_NAME = UP_THE_BIT;
			};
			name = Release;
		};
/* End XCBuildConfiguration section */

/* Begin XCConfigurationList section */
		04C79C4B2D3FF507002391F2 /* Build configuration list for PBXProject "UP_THE_BIT" */ = {
			isa = XCConfigurationList;
			buildConfigurations = (
				04C79C7B2D3FF509002391F2 /* Debug */,
				04C79C7C2D3FF509002391F2 /* Release */,
			);
			defaultConfigurationIsVisible = 0;
			defaultConfigurationName = Release;
		};
		04C79C7D2D3FF509002391F2 /* Build configuration list for PBXNativeTarget "UP_THE_BIT" */ = {
			isa = XCConfigurationList;
			buildConfigurations = (
				04C79C7E2D3FF509002391F2 /* Debug */,
				04C79C7F2D3FF509002391F2 /* Release */,
			);
			defaultConfigurationIsVisible = 0;
			defaultConfigurationName = Release;
		};
		04C79C802D3FF509002391F2 /* Build configuration list for PBXNativeTarget "UP_THE_BITTests" */ = {
			isa = XCConfigurationList;
			buildConfigurations = (
				04C79C812D3FF509002391F2 /* Debug */,
				04C79C822D3FF509002391F2 /* Release */,
			);
			defaultConfigurationIsVisible = 0;
			defaultConfigurationName = Release;
		};
		04C79C832D3FF509002391F2 /* Build configuration list for PBXNativeTarget "UP_THE_BITUITests" */ = {
			isa = XCConfigurationList;
			buildConfigurations = (
				04C79C842D3FF509002391F2 /* Debug */,
				04C79C852D3FF509002391F2 /* Release */,
			);
			defaultConfigurationIsVisible = 0;
			defaultConfigurationName = Release;
		};
/* End XCConfigurationList section */
	};
	rootObject = 04C79C482D3FF507002391F2 /* Project object */;
}
